
Microsoft Visual Studio Solution File, Format Version 12.00
# Visual Studio Version 17
VisualStudioVersion = 17.5.33516.290
MinimumVisualStudioVersion = 10.0.40219.1
Project("{FAE04EC0-301F-11D3-BF4B-00C04F79EFBC}") = "WebAppDemo", "WebAppDemo\WebAppDemo.csproj", "{E67D818F-BBEB-417D-85F4-3B225741DAE1}"
EndProject
Global
	GlobalSection(SolutionConfigurationPlatforms) = preSolution
		Debug|Any CPU = Debug|Any CPU
		Release|Any CPU = Release|Any CPU
	EndGlobalSection
	GlobalSection(ProjectConfigurationPlatforms) = postSolution
		{E67D818F-BBEB-417D-85F4-3B225741DAE1}.Debug|Any CPU.ActiveCfg = Debug|Any CPU
		{E67D818F-BBEB-417D-85F4-3B225741DAE1}.Debug|Any CPU.Build.0 = Debug|Any CPU
		{E67D818F-BBEB-417D-85F4-3B225741DAE1}.Release|Any CPU.ActiveCfg = Release|Any CPU
		{E67D818F-BBEB-417D-85F4-3B225741DAE1}.Release|Any CPU.Build.0 = Release|Any CPU
	EndGlobalSection
	GlobalSection(SolutionProperties) = preSolution
		HideSolutionNode = FALSE
	EndGlobalSection
	GlobalSection(ExtensibilityGlobals) = postSolution
		SolutionGuid = {A8B09095-AF20-456F-8107-3C56C9219F7D}
	EndGlobalSection
EndGlobal
